
Microsoft Visual Studio Solution File, Format Version 12.00
# Visual Studio Version 17
VisualStudioVersion = 17.14.36310.24 d17.14
MinimumVisualStudioVersion = 10.0.40219.1
Project("{FAE04EC0-301F-11D3-BF4B-00C04F79EFBC}") = "FreshRoots", "FreshRoots.csproj", "{8C55CFF5-749B-414B-85AF-B4DE3D6215EA}"
EndProject
Global
	GlobalSection(SolutionConfigurationPlatforms) = preSolution
		Debug|Any CPU = Debug|Any CPU
		Release|Any CPU = Release|Any CPU
	EndGlobalSection
	GlobalSection(ProjectConfigurationPlatforms) = postSolution
		{8C55CFF5-749B-414B-85AF-B4DE3D6215EA}.Debug|Any CPU.ActiveCfg = Debug|Any CPU
		{8C55CFF5-749B-414B-85AF-B4DE3D6215EA}.Debug|Any CPU.Build.0 = Debug|Any CPU
		{8C55CFF5-749B-414B-85AF-B4DE3D6215EA}.Release|Any CPU.ActiveCfg = Release|Any CPU
		{8C55CFF5-749B-414B-85AF-B4DE3D6215EA}.Release|Any CPU.Build.0 = Release|Any CPU
	EndGlobalSection
	GlobalSection(SolutionProperties) = preSolution
		HideSolutionNode = FALSE
	EndGlobalSection
	GlobalSection(ExtensibilityGlobals) = postSolution
		SolutionGuid = {A5611D7D-6BE0-4981-A983-F38B1EF1522B}
	EndGlobalSection
EndGlobal
